PODS:
  - Bolts (1.9.0):
    - Bolts/AppLinks (= 1.9.0)
    - Bolts/Tasks (= 1.9.0)
  - Bolts/AppLinks (1.9.0):
    - Bolts/Tasks
  - Bolts/Tasks (1.9.0)
  - FacebookSDK (4.38.0):
    - Bolts (~> 1.9)
    - FacebookSDK/CoreKit (= 4.38.0)
    - FacebookSDK/MarketingKit (= 4.38.0)
  - FacebookSDK/CoreKit (4.38.0):
    - Bolts (~> 1.9)
    - FBSDKCoreKit
  - FacebookSDK/MarketingKit (4.38.0):
    - Bolts (~> 1.9)
    - FacebookSDK/CoreKit
    - FBSDKMarketingKit
  - FBAudienceNetwork (4.99.0)
  - FBSDKCoreKit (4.39.0):
    - Bolts (~> 1.9)
  - FBSDKMarketingKit (4.38.0):
    - FBSDKCoreKit
  - FBSDKShareKit (4.39.0):
    - FBSDKCoreKit

DEPENDENCIES:
  - Bolts
  - FacebookSDK
  - FBAudienceNetwork (= 4.99.0)
  - FBSDKCoreKit
  - FBSDKShareKit

SPEC REPOS:
  https://github.com/cocoapods/specs.git:
    - Bolts
    - FacebookSDK
    - FBAudienceNetwork
    - FBSDKCoreKit
    - FBSDKMarketingKit
    - FBSDKShareKit

SPEC CHECKSUMS:
  Bolts: ac6567323eac61e203f6a9763667d0f711be34c8
  FacebookSDK: 73f54b8b94e09b05647cdef0af147f470cd3edc6
  FBAudienceNetwork: 80275c0a28574ff5ce820abdc251d05e07e6ae7a
  FBSDKCoreKit: 1e3981faefab8c88edfaa9eecd94aab02d99a9bc
  FBSDKMarketingKit: e609f39d74ab273cf52e2f8b7e8829ed412b2827
  FBSDKShareKit: 5a0021c30abb64df9eeba87351dd8a627874543b

PODFILE CHECKSUM: 8be1453a9ab62fd4db876f6e2b2fab605554af08

COCOAPODS: 1.5.3
